{
    "_readme": [
        "This file locks the dependencies of your project to a known state",
        "Read more about it at https://getcomposer.org/doc/01-basic-usage.md#installing-dependencies",
        "This file is @generated automatically"
    ],
    "content-hash": "139a248452a0b290ac62a7734ba9e949",
    "packages": [
        {
            "name": "ckeditor/ckeditor",
            "version": "4.22.1",
            "source": {
                "type": "git",
                "url": "https://github.com/ckeditor/ckeditor4-releases.git",
                "reference": "0d51138b0a258165ac09724e8f5cda67cf9126a3"
            },
            "dist": {
                "type": "zip",
                "url": "https://api.github.com/repos/ckeditor/ckeditor4-releases/zipball/0d51138b0a258165ac09724e8f5cda67cf9126a3",
                "reference": "0d51138b0a258165ac09724e8f5cda67cf9126a3",
                "shasum": ""
            },
            "type": "library",
            "notification-url": "https://packagist.org/downloads/",
            "license": [
                "GPL-2.0+",
                "LGPL-2.1+",
                "MPL-1.1+"
            ],
            "authors": [
                {
                    "name": "CKSource",
                    "homepage": "https://cksource.com"
                }
            ],
            "description": "JavaScript WYSIWYG web text editor.",
            "homepage": "https://ckeditor.com/ckeditor-4/",
            "keywords": [
                "CKEditor",
                "ckeditor4",
                "editor",
                "fckeditor",
                "html",
                "javascript",
                "richtext",
                "text",
                "wysiwyg"
            ],
            "support": {
                "forum": "https://stackoverflow.com/tags/ckeditor",
                "issues": "https://github.com/ckeditor/ckeditor4/issues",
                "source": "https://github.com/ckeditor/ckeditor4",
                "wiki": "https://ckeditor.com/docs/ckeditor4/latest/"
            },
            "time": "2023-06-30T13:35:30+00:00"
        },
        {
            "name": "components/jquery",
            "version": "3.6.0",
            "source": {
                "type": "git",
                "url": "https://github.com/components/jquery.git",
                "reference": "6cf38ee1fd04b6adf8e7dda161283aa35be818c3"
            },
            "dist": {
                "type": "zip",
                "url": "https://api.github.com/repos/components/jquery/zipball/6cf38ee1fd04b6adf8e7dda161283aa35be818c3",
                "reference": "6cf38ee1fd04b6adf8e7dda161283aa35be818c3",
                "shasum": ""
            },
            "type": "component",
            "extra": {
                "component": {
                    "scripts": [
                        "jquery.js"
                    ],
                    "files": [
                        "jquery.min.js",
                        "jquery.min.map",
                        "jquery.slim.js",
                        "jquery.slim.min.js",
                        "jquery.slim.min.map"
                    ]
                }
            },
            "notification-url": "https://packagist.org/downloads/",
            "license": [
                "MIT"
            ],
            "authors": [
                {
                    "name": "JS Foundation and other contributors"
                }
            ],
            "description": "jQuery JavaScript Library",
            "homepage": "http://jquery.com",
            "support": {
                "forum": "http://forum.jquery.com",
                "irc": "irc://irc.freenode.org/jquery",
                "issues": "https://github.com/jquery/jquery/issues",
                "source": "https://github.com/jquery/jquery",
                "wiki": "http://docs.jquery.com/"
            },
            "time": "2021-03-20T19:13:42+00:00"
        },
        {
            "name": "datatables.net/datatables.net",
            "version": "dev-master",
            "source": {
                "type": "git",
                "url": "https://github.com/DataTables/Dist-DataTables.git",
                "reference": "e0df986ebf9df50bbcca6d841591092f7700538e"
            },
            "dist": {
                "type": "zip",
                "url": "https://api.github.com/repos/DataTables/Dist-DataTables/zipball/e0df986ebf9df50bbcca6d841591092f7700538e",
                "reference": "e0df986ebf9df50bbcca6d841591092f7700538e",
                "shasum": ""
            },
            "require": {
                "components/jquery": ">=1.7"
            },
            "default-branch": true,
            "type": "library",
            "notification-url": "https://packagist.org/downloads/",
            "license": [
                "MIT"
            ],
            "authors": [
                {
                    "name": "SpryMedia",
                    "homepage": "https://datatables.net"
                }
            ],
            "description": "DataTables is a plug-in for the jQuery Javascript library. It is a highly flexible tool, based upon the foundations of progressive enhancement, which will add advanced interaction controls to any HTML table. This is jQuery DataTables",
            "homepage": "http://www.datatables.net/",
            "keywords": [
                "datatables",
                "jquery",
                "table"
            ],
            "support": {
                "forum": "https://datatables.net/forums",
                "source": "https://github.com/DataTables/Dist-DataTables"
            },
            "time": "2023-09-08T08:30:53+00:00"
        },
        {
            "name": "datatables.net/datatables.net-bs5",
            "version": "dev-master",
            "source": {
                "type": "git",
                "url": "https://github.com/DataTables/Dist-DataTables-Bootstrap5.git",
                "reference": "1d2dd70bcdc3f67619a04d62eaca6d061d76eadd"
            },
            "dist": {
                "type": "zip",
                "url": "https://api.github.com/repos/DataTables/Dist-DataTables-Bootstrap5/zipball/1d2dd70bcdc3f67619a04d62eaca6d061d76eadd",
                "reference": "1d2dd70bcdc3f67619a04d62eaca6d061d76eadd",
                "shasum": ""
            },
            "require": {
                "datatables.net/datatables.net": ">=1.12.1",
                "twbs/bootstrap": "5.*"
            },
            "default-branch": true,
            "type": "library",
            "notification-url": "https://packagist.org/downloads/",
            "license": [
                "MIT"
            ],
            "authors": [
                {
                    "name": "SpryMedia",
                    "homepage": "https://datatables.net"
                }
            ],
            "description": "DataTables is a plug-in for the jQuery Javascript library. It is a highly flexible tool, based upon the foundations of progressive enhancement, which will add advanced interaction controls to any HTML table. This is DataTables with styling for [Bootstrap5](https://getbootstrap.com/)",
            "homepage": "http://www.datatables.net/",
            "keywords": [
                "bootstrap",
                "bootstrap5",
                "datatables",
                "jquery",
                "table"
            ],
            "support": {
                "forum": "https://datatables.net/forums",
                "issues": "https://github.com/DataTables/Dist-DataTables-Bootstrap5/issues",
                "source": "https://github.com/DataTables/Dist-DataTables-Bootstrap5"
            },
            "time": "2023-09-08T08:32:07+00:00"
        },
        {
            "name": "enyo/dropzone",
            "version": "v5.9.3",
            "source": {
                "type": "git",
                "url": "https://github.com/dropzone/dropzone-packagist.git",
                "reference": "286b2dc1f1195bd12169e4c9d5f91cfbe46e245f"
            },
            "dist": {
                "type": "zip",
                "url": "https://api.github.com/repos/dropzone/dropzone-packagist/zipball/286b2dc1f1195bd12169e4c9d5f91cfbe46e245f",
                "reference": "286b2dc1f1195bd12169e4c9d5f91cfbe46e245f",
                "shasum": ""
            },
            "type": "library",
            "notification-url": "https://packagist.org/downloads/",
            "license": [
                "MIT"
            ],
            "authors": [
                {
                    "name": "Matias Meno",
                    "email": "m@tias.me",
                    "homepage": "http://www.yesmeno.com"
                }
            ],
            "description": "Handles drag and drop of files for you.",
            "homepage": "http://www.dropzonejs.com",
            "keywords": [
                "drag and drop",
                "dragndrop",
                "file upload",
                "upload"
            ],
            "support": {
                "issues": "https://github.com/dropzone/dropzone-packagist/issues",
                "source": "https://github.com/dropzone/dropzone-packagist/tree/v5.9.3"
            },
            "time": "2021-09-21T17:03:36+00:00"
        },
        {
            "name": "nikic/fast-route",
            "version": "v1.3.0",
            "source": {
                "type": "git",
                "url": "https://github.com/nikic/FastRoute.git",
                "reference": "181d480e08d9476e61381e04a71b34dc0432e812"
            },
            "dist": {
                "type": "zip",
                "url": "https://api.github.com/repos/nikic/FastRoute/zipball/181d480e08d9476e61381e04a71b34dc0432e812",
                "reference": "181d480e08d9476e61381e04a71b34dc0432e812",
                "shasum": ""
            },
            "require": {
                "php": ">=5.4.0"
            },
            "require-dev": {
                "phpunit/phpunit": "^4.8.35|~5.7"
            },
            "type": "library",
            "autoload": {
                "files": [
                    "src/functions.php"
                ],
                "psr-4": {
                    "FastRoute\\": "src/"
                }
            },
            "notification-url": "https://packagist.org/downloads/",
            "license": [
                "BSD-3-Clause"
            ],
            "authors": [
                {
                    "name": "Nikita Popov",
                    "email": "nikic@php.net"
                }
            ],
            "description": "Fast request router for PHP",
            "keywords": [
                "router",
                "routing"
            ],
            "support": {
                "issues": "https://github.com/nikic/FastRoute/issues",
                "source": "https://github.com/nikic/FastRoute/tree/master"
            },
            "time": "2018-02-13T20:26:39+00:00"
        },
        {
            "name": "twbs/bootstrap",
            "version": "v5.0.2",
            "source": {
                "type": "git",
                "url": "https://github.com/twbs/bootstrap.git",
                "reference": "688bce4fa695cc360a0d084e34f029b0c192b223"
            },
            "dist": {
                "type": "zip",
                "url": "https://api.github.com/repos/twbs/bootstrap/zipball/688bce4fa695cc360a0d084e34f029b0c192b223",
                "reference": "688bce4fa695cc360a0d084e34f029b0c192b223",
                "shasum": ""
            },
            "replace": {
                "twitter/bootstrap": "self.version"
            },
            "type": "library",
            "notification-url": "https://packagist.org/downloads/",
            "license": [
                "MIT"
            ],
            "authors": [
                {
                    "name": "Mark Otto",
                    "email": "markdotto@gmail.com"
                },
                {
                    "name": "Jacob Thornton",
                    "email": "jacobthornton@gmail.com"
                }
            ],
            "description": "The most popular front-end framework for developing responsive, mobile first projects on the web.",
            "homepage": "https://getbootstrap.com/",
            "keywords": [
                "JS",
                "css",
                "framework",
                "front-end",
                "mobile-first",
                "responsive",
                "sass",
                "web"
            ],
            "support": {
                "issues": "https://github.com/twbs/bootstrap/issues",
                "source": "https://github.com/twbs/bootstrap/tree/v5.0.2"
            },
            "time": "2021-06-22T18:29:16+00:00"
        },
        {
            "name": "twbs/bootstrap-icons",
            "version": "v1.10.5",
            "source": {
                "type": "git",
                "url": "https://github.com/twbs/icons.git",
                "reference": "648aa8238437d9da9227f6273cc163ec5841382d"
            },
            "dist": {
                "type": "zip",
                "url": "https://api.github.com/repos/twbs/icons/zipball/648aa8238437d9da9227f6273cc163ec5841382d",
                "reference": "648aa8238437d9da9227f6273cc163ec5841382d",
                "shasum": ""
            },
            "type": "library",
            "notification-url": "https://packagist.org/downloads/",
            "license": [
                "MIT"
            ],
            "authors": [
                {
                    "name": "Mark Otto",
                    "email": "markdotto@gmail.com"
                }
            ],
            "description": "Official open source SVG icon library for Bootstrap",
            "homepage": "https://icons.getbootstrap.com/",
            "keywords": [
                "bootstrap",
                "icon font",
                "icons",
                "svg"
            ],
            "support": {
                "issues": "https://github.com/twbs/icons/issues",
                "source": "https://github.com/twbs/icons/tree/v1.10.5"
            },
            "time": "2023-04-26T19:56:04+00:00"
        }
    ],
    "packages-dev": [],
    "aliases": [],
    "minimum-stability": "stable",
    "stability-flags": {
        "datatables.net/datatables.net": 20,
        "datatables.net/datatables.net-bs5": 20
    },
    "prefer-stable": false,
    "prefer-lowest": false,
    "platform": [],
    "platform-dev": [],
    "plugin-api-version": "2.6.0"
}
